{
  "requires": true,
  "lockfileVersion": 1,
  "dependencies": {
    "wtf_wikipedia": {
      "version": "8.5.1",
      "resolved": "https://registry.npmjs.org/wtf_wikipedia/-/wtf_wikipedia-8.5.1.tgz",
      "integrity": "sha512-tvLDPsC9bGG9ABMijCCEFwPhK4678glSVX45UwXwT7KhTJgQFhn3cdm84cMOKSTag+/bRfgBG+qe9qXn3AyStw=="
    }
  }
}
